{
  "name": "closest-point-on-bezier",
  "version": "1.0.9",
  "lockfileVersion": 2,
  "requires": true,
  "packages": {
    "": {
      "name": "closest-point-on-bezier",
      "version": "1.0.9",
      "license": "MIT",
      "dependencies": {
        "vmath": "^1.4.8"
      }
    },
    "node_modules/vmath": {
      "version": "1.4.8",
      "resolved": "https://registry.npmjs.org/vmath/-/vmath-1.4.8.tgz",
      "integrity": "sha512-Kswa/EtKY3JtwaQZSiaNfJUr0yRYvSWJIe9/bn3yldZNG3iWtQVYN2l3pZbqnHTJ2CkJsodOCcfEO2iWEjcfIg=="
    }
  },
  "dependencies": {
    "vmath": {
      "version": "1.4.8",
      "resolved": "https://registry.npmjs.org/vmath/-/vmath-1.4.8.tgz",
      "integrity": "sha512-Kswa/EtKY3JtwaQZSiaNfJUr0yRYvSWJIe9/bn3yldZNG3iWtQVYN2l3pZbqnHTJ2CkJsodOCcfEO2iWEjcfIg=="
    }
  }
}
